// !$*UTF8*$!
{
	archiveVersion = 1;
	classes = {
	};
	objectVersion = 56;
	objects = {

/* Begin PBXBuildFile section */
		4E16BB0A2A2F0C51001567F3 /* WatchApp Watch App.app in Embed Watch Content */ = {isa = PBXBuildFile; fileRef = 4E16BB092A2F0C51001567F3 /* WatchApp Watch App.app */; settings = {ATTRIBUTES = (RemoveHeadersOnCopy, ); }; };
		4E16BB0F2A2F0C52001567F3 /* WatchAppApp.swift in Sources */ = {isa = PBXBuildFile; fileRef = 4E16BB0E2A2F0C52001567F3 /* WatchAppApp.swift */; };
		4E16BB112A2F0C52001567F3 /* ContentView.swift in Sources */ = {isa = PBXBuildFile; fileRef = 4E16BB102A2F0C52001567F3 /* ContentView.swift */; };
		4E16BB132A2F0C53001567F3 /* Assets.xcassets in Resources */ = {isa = PBXBuildFile; fileRef = 4E16BB122A2F0C53001567F3 /* Assets.xcassets */; };
		4E16BB162A2F0C53001567F3 /* Preview Assets.xcassets in Resources */ = {isa = PBXBuildFile; fileRef = 4E16BB152A2F0C53001567F3 /* Preview Assets.xcassets */; };
		4E16BB202A2F0C53001567F3 /* WatchApp_Watch_AppTests.swift in Sources */ = {isa = PBXBuildFile; fileRef = 4E16BB1F2A2F0C53001567F3 /* WatchApp_Watch_AppTests.swift */; };
		4E16BB2A2A2F0C53001567F3 /* WatchApp_Watch_AppUITests.swift in Sources */ = {isa = PBXBuildFile; fileRef = 4E16BB292A2F0C53001567F3 /* WatchApp_Watch_AppUITests.swift */; };
		4E16BB2C2A2F0C53001567F3 /* WatchApp_Watch_AppUITestsLaunchTests.swift in Sources */ = {isa = PBXBuildFile; fileRef = 4E16BB2B2A2F0C53001567F3 /* WatchApp_Watch_AppUITestsLaunchTests.swift */; };
/* End PBXBuildFile section */

/* Begin PBXContainerItemProxy section */
		4E16BB0B2A2F0C51001567F3 /* PBXContainerItemProxy */ = {
			isa = PBXContainerItemProxy;
			containerPortal = 4E16BAFD2A2F0C51001567F3 /* Project object */;
			proxyType = 1;
			remoteGlobalIDString = 4E16BB082A2F0C51001567F3;
			remoteInfo = "WatchApp Watch App";
		};
		4E16BB1C2A2F0C53001567F3 /* PBXContainerItemProxy */ = {
			isa = PBXContainerItemProxy;
			containerPortal = 4E16BAFD2A2F0C51001567F3 /* Project object */;
			proxyType = 1;
			remoteGlobalIDString = 4E16BB082A2F0C51001567F3;
			remoteInfo = "WatchApp Watch App";
		};
		4E16BB262A2F0C53001567F3 /* PBXContainerItemProxy */ = {
			isa = PBXContainerItemProxy;
			containerPortal = 4E16BAFD2A2F0C51001567F3 /* Project object */;
			proxyType = 1;
			remoteGlobalIDString = 4E16BB082A2F0C51001567F3;
			remoteInfo = "WatchApp Watch App";
		};
/* End PBXContainerItemProxy section */

/* Begin PBXCopyFilesBuildPhase section */
		4E16BB322A2F0C53001567F3 /* Embed Watch Content */ = {
			isa = PBXCopyFilesBuildPhase;
			buildActionMask = 2147483647;
			dstPath = "$(CONTENTS_FOLDER_PATH)/Watch";
			dstSubfolderSpec = 16;
			files = (
				4E16BB0A2A2F0C51001567F3 /* WatchApp Watch App.app in Embed Watch Content */,
			);
			name = "Embed Watch Content";
			runOnlyForDeploymentPostprocessing = 0;
		};
/* End PBXCopyFilesBuildPhase section */

/* Begin PBXFileReference section */
		4E16BB032A2F0C51001567F3 /* WatchApp.app */ = {isa = PBXFileReference; explicitFileType = wrapper.application; includeInIndex = 0; path = WatchApp.app; sourceTree = BUILT_PRODUCTS_DIR; };
		4E16BB092A2F0C51001567F3 /* WatchApp Watch App.app */ = {isa = PBXFileReference; explicitFileType = wrapper.application; includeInIndex = 0; path = "WatchApp Watch App.app"; sourceTree = BUILT_PRODUCTS_DIR; };
		4E16BB0E2A2F0C52001567F3 /* WatchAppApp.swift */ = {isa = PBXFileReference; lastKnownFileType = sourcecode.swift; path = WatchAppApp.swift; sourceTree = "<group>"; };
		4E16BB102A2F0C52001567F3 /* ContentView.swift */ = {isa = PBXFileReference; lastKnownFileType = sourcecode.swift; path = ContentView.swift; sourceTree = "<group>"; };
		4E16BB122A2F0C53001567F3 /* Assets.xcassets */ = {isa = PBXFileReference; lastKnownFileType = folder.assetcatalog; path = Assets.xcassets; sourceTree = "<group>"; };
		4E16BB152A2F0C53001567F3 /* Preview Assets.xcassets */ = {isa = PBXFileReference; lastKnownFileType = folder.assetcatalog; path = "Preview Assets.xcassets"; sourceTree = "<group>"; };
		4E16BB1B2A2F0C53001567F3 /* WatchApp Watch AppTests.xctest */ = {isa = PBXFileReference; explicitFileType = wrapper.cfbundle; includeInIndex = 0; path = "WatchApp Watch AppTests.xctest"; sourceTree = BUILT_PRODUCTS_DIR; };
		4E16BB1F2A2F0C53001567F3 /* WatchApp_Watch_AppTests.swift */ = {isa = PBXFileReference; lastKnownFileType = sourcecode.swift; path = WatchApp_Watch_AppTests.swift; sourceTree = "<group>"; };
		4E16BB252A2F0C53001567F3 /* WatchApp Watch AppUITests.xctest */ = {isa = PBXFileReference; explicitFileType = wrapper.cfbundle; includeInIndex = 0; path = "WatchApp Watch AppUITests.xctest"; sourceTree = BUILT_PRODUCTS_DIR; };
		4E16BB292A2F0C53001567F3 /* WatchApp_Watch_AppUITests.swift */ = {isa = PBXFileReference; lastKnownFileType = sourcecode.swift; path = WatchApp_Watch_AppUITests.swift; sourceTree = "<group>"; };
		4E16BB2B2A2F0C53001567F3 /* WatchApp_Watch_AppUITestsLaunchTests.swift */ = {isa = PBXFileReference; lastKnownFileType = sourcecode.swift; path = WatchApp_Watch_AppUITestsLaunchTests.swift; sourceTree = "<group>"; };
/* End PBXFileReference section */

/* Begin PBXFrameworksBuildPhase section */
		4E16BB062A2F0C51001567F3 /* Frameworks */ = {
			isa = PBXFrameworksBuildPhase;
			buildActionMask = 2147483647;
			files = (
			);
			runOnlyForDeploymentPostprocessing = 0;
		};
		4E16BB182A2F0C53001567F3 /* Frameworks */ = {
			isa = PBXFrameworksBuildPhase;
			buildActionMask = 2147483647;
			files = (
			);
			runOnlyForDeploymentPostprocessing = 0;
		};
		4E16BB222A2F0C53001567F3 /* Frameworks */ = {
			isa = PBXFrameworksBuildPhase;
			buildActionMask = 2147483647;
			files = (
			);
			runOnlyForDeploymentPostprocessing = 0;
		};
/* End PBXFrameworksBuildPhase section */

/* Begin PBXGroup section */
		4E16BAFC2A2F0C51001567F3 = {
			isa = PBXGroup;
			children = (
				4E16BB0D2A2F0C51001567F3 /* WatchApp Watch App */,
				4E16BB1E2A2F0C53001567F3 /* WatchApp Watch AppTests */,
				4E16BB282A2F0C53001567F3 /* WatchApp Watch AppUITests */,
				4E16BB042A2F0C51001567F3 /* Products */,
			);
			sourceTree = "<group>";
		};
		4E16BB042A2F0C51001567F3 /* Products */ = {
			isa = PBXGroup;
			children = (
				4E16BB032A2F0C51001567F3 /* WatchApp.app */,
				4E16BB092A2F0C51001567F3 /* WatchApp Watch App.app */,
				4E16BB1B2A2F0C53001567F3 /* WatchApp Watch AppTests.xctest */,
				4E16BB252A2F0C53001567F3 /* WatchApp Watch AppUITests.xctest */,
			);
			name = Products;
			sourceTree = "<group>";
		};
		4E16BB0D2A2F0C51001567F3 /* WatchApp Watch App */ = {
			isa = PBXGroup;
			children = (
				4E16BB0E2A2F0C52001567F3 /* WatchAppApp.swift */,
				4E16BB102A2F0C52001567F3 /* ContentView.swift */,
				4E16BB122A2F0C53001567F3 /* Assets.xcassets */,
				4E16BB142A2F0C53001567F3 /* Preview Content */,
			);
			path = "WatchApp Watch App";
			sourceTree = "<group>";
		};
		4E16BB142A2F0C53001567F3 /* Preview Content */ = {
			isa = PBXGroup;
			children = (
				4E16BB152A2F0C53001567F3 /* Preview Assets.xcassets */,
			);
			path = "Preview Content";
			sourceTree = "<group>";
		};
		4E16BB1E2A2F0C53001567F3 /* WatchApp Watch AppTests */ = {
			isa = PBXGroup;
			children = (
				4E16BB1F2A2F0C53001567F3 /* WatchApp_Watch_AppTests.swift */,
			);
			path = "WatchApp Watch AppTests";
			sourceTree = "<group>";
		};
		4E16BB282A2F0C53001567F3 /* WatchApp Watch AppUITests */ = {
			isa = PBXGroup;
			children = (
				4E16BB292A2F0C53001567F3 /* WatchApp_Watch_AppUITests.swift */,
				4E16BB2B2A2F0C53001567F3 /* WatchApp_Watch_AppUITestsLaunchTests.swift */,
			);
			path = "WatchApp Watch AppUITests";
			sourceTree = "<group>";
		};
/* End PBXGroup section */

/* Begin PBXNativeTarget section */
		4E16BB022A2F0C51001567F3 /* WatchApp */ = {
			isa = PBXNativeTarget;
			buildConfigurationList = 4E16BB332A2F0C53001567F3 /* Build configuration list for PBXNativeTarget "WatchApp" */;
			buildPhases = (
				4E16BB012A2F0C51001567F3 /* Resources */,
				4E16BB322A2F0C53001567F3 /* Embed Watch Content */,
			);
			buildRules = (
			);
			dependencies = (
				4E16BB0C2A2F0C51001567F3 /* PBXTargetDependency */,
			);
			name = WatchApp;
			productName = WatchApp;
			productReference = 4E16BB032A2F0C51001567F3 /* WatchApp.app */;
			productType = "com.apple.product-type.application.watchapp2-container";
		};
		4E16BB082A2F0C51001567F3 /* WatchApp Watch App */ = {
			isa = PBXNativeTarget;
			buildConfigurationList = 4E16BB2F2A2F0C53001567F3 /* Build configuration list for PBXNativeTarget "WatchApp Watch App" */;
			buildPhases = (
				4E16BB052A2F0C51001567F3 /* Sources */,
				4E16BB062A2F0C51001567F3 /* Frameworks */,
				4E16BB072A2F0C51001567F3 /* Resources */,
			);
			buildRules = (
			);
			dependencies = (
			);
			name = "WatchApp Watch App";
			productName = "WatchApp Watch App";
			productReference = 4E16BB092A2F0C51001567F3 /* WatchApp Watch App.app */;
			productType = "com.apple.product-type.application";
		};
		4E16BB1A2A2F0C53001567F3 /* WatchApp Watch AppTests */ = {
			isa = PBXNativeTarget;
			buildConfigurationList = 4E16BB362A2F0C53001567F3 /* Build configuration list for PBXNativeTarget "WatchApp Watch AppTests" */;
			buildPhases = (
				4E16BB172A2F0C53001567F3 /* Sources */,
				4E16BB182A2F0C53001567F3 /* Frameworks */,
				4E16BB192A2F0C53001567F3 /* Resources */,
			);
			buildRules = (
			);
			dependencies = (
				4E16BB1D2A2F0C53001567F3 /* PBXTargetDependency */,
			);
			name = "WatchApp Watch AppTests";
			productName = "WatchApp Watch AppTests";
			productReference = 4E16BB1B2A2F0C53001567F3 /* WatchApp Watch AppTests.xctest */;
			productType = "com.apple.product-type.bundle.unit-test";
		};
		4E16BB242A2F0C53001567F3 /* WatchApp Watch AppUITests */ = {
			isa = PBXNativeTarget;
			buildConfigurationList = 4E16BB392A2F0C53001567F3 /* Build configuration list for PBXNativeTarget "WatchApp Watch AppUITests" */;
			buildPhases = (
				4E16BB212A2F0C53001567F3 /* Sources */,
				4E16BB222A2F0C53001567F3 /* Frameworks */,
				4E16BB232A2F0C53001567F3 /* Resources */,
			);
			buildRules = (
			);
			dependencies = (
				4E16BB272A2F0C53001567F3 /* PBXTargetDependency */,
			);
			name = "WatchApp Watch AppUITests";
			productName = "WatchApp Watch AppUITests";
			productReference = 4E16BB252A2F0C53001567F3 /* WatchApp Watch AppUITests.xctest */;
			productType = "com.apple.product-type.bundle.ui-testing";
		};
/* End PBXNativeTarget section */

/* Begin PBXProject section */
		4E16BAFD2A2F0C51001567F3 /* Project object */ = {
			isa = PBXProject;
			attributes = {
				BuildIndependentTargetsInParallel = 1;
				LastSwiftUpdateCheck = 1500;
				LastUpgradeCheck = 1500;
				TargetAttributes = {
					4E16BB022A2F0C51001567F3 = {
						CreatedOnToolsVersion = 15.0;
					};
					4E16BB082A2F0C51001567F3 = {
						CreatedOnToolsVersion = 15.0;
					};
					4E16BB1A2A2F0C53001567F3 = {
						CreatedOnToolsVersion = 15.0;
						TestTargetID = 4E16BB082A2F0C51001567F3;
					};
					4E16BB242A2F0C53001567F3 = {
						CreatedOnToolsVersion = 15.0;
						TestTargetID = 4E16BB082A2F0C51001567F3;
					};
				};
			};
			buildConfigurationList = 4E16BB002A2F0C51001567F3 /* Build configuration list for PBXProject "WatchApp" */;
			compatibilityVersion = "Xcode 14.0";
			developmentRegion = en;
			hasScannedForEncodings = 0;
			knownRegions = (
				en,
				Base,
			);
			mainGroup = 4E16BAFC2A2F0C51001567F3;
			productRefGroup = 4E16BB042A2F0C51001567F3 /* Products */;
			projectDirPath = "";
			projectRoot = "";
			targets = (
				4E16BB022A2F0C51001567F3 /* WatchApp */,
				4E16BB082A2F0C51001567F3 /* WatchApp Watch App */,
				4E16BB1A2A2F0C53001567F3 /* WatchApp Watch AppTests */,
				4E16BB242A2F0C53001567F3 /* WatchApp Watch AppUITests */,
			);
		};
/* End PBXProject section */

/* Begin PBXResourcesBuildPhase section */
		4E16BB012A2F0C51001567F3 /* Resources */ = {
			isa = PBXResourcesBuildPhase;
			buildActionMask = 2147483647;
			files = (
			);
			runOnlyForDeploymentPostprocessing = 0;
		};
		4E16BB072A2F0C51001567F3 /* Resources */ = {
			isa = PBXResourcesBuildPhase;
			buildActionMask = 2147483647;
			files = (
				4E16BB162A2F0C53001567F3 /* Preview Assets.xcassets in Resources */,
				4E16BB132A2F0C53001567F3 /* Assets.xcassets in Resources */,
			);
			runOnlyForDeploymentPostprocessing = 0;
		};
		4E16BB192A2F0C53001567F3 /* Resources */ = {
			isa = PBXResourcesBuildPhase;
			buildActionMask = 2147483647;
			files = (
			);
			runOnlyForDeploymentPostprocessing = 0;
		};
		4E16BB232A2F0C53001567F3 /* Resources */ = {
			isa = PBXResourcesBuildPhase;
			buildActionMask = 2147483647;
			files = (
			);
			runOnlyForDeploymentPostprocessing = 0;
		};
/* End PBXResourcesBuildPhase section */

/* Begin PBXSourcesBuildPhase section */
		4E16BB052A2F0C51001567F3 /* Sources */ = {
			isa = PBXSourcesBuildPhase;
			buildActionMask = 2147483647;
			files = (
				4E16BB112A2F0C52001567F3 /* ContentView.swift in Sources */,
				4E16BB0F2A2F0C52001567F3 /* WatchAppApp.swift in Sources */,
			);
			runOnlyForDeploymentPostprocessing = 0;
		};
		4E16BB172A2F0C53001567F3 /* Sources */ = {
			isa = PBXSourcesBuildPhase;
			buildActionMask = 2147483647;
			files = (
				4E16BB202A2F0C53001567F3 /* WatchApp_Watch_AppTests.swift in Sources */,
			);
			runOnlyForDeploymentPostprocessing = 0;
		};
		4E16BB212A2F0C53001567F3 /* Sources */ = {
			isa = PBXSourcesBuildPhase;
			buildActionMask = 2147483647;
			files = (
				4E16BB2C2A2F0C53001567F3 /* WatchApp_Watch_AppUITestsLaunchTests.swift in Sources */,
				4E16BB2A2A2F0C53001567F3 /* WatchApp_Watch_AppUITests.swift in Sources */,
			);
			runOnlyForDeploymentPostprocessing = 0;
		};
/* End PBXSourcesBuildPhase section */

/* Begin PBXTargetDependency section */
		4E16BB0C2A2F0C51001567F3 /* PBXTargetDependency */ = {
			isa = PBXTargetDependency;
			target = 4E16BB082A2F0C51001567F3 /* WatchApp Watch App */;
			targetProxy = 4E16BB0B2A2F0C51001567F3 /* PBXContainerItemProxy */;
		};
		4E16BB1D2A2F0C53001567F3 /* PBXTargetDependency */ = {
			isa = PBXTargetDependency;
			target = 4E16BB082A2F0C51001567F3 /* WatchApp Watch App */;
			targetProxy = 4E16BB1C2A2F0C53001567F3 /* PBXContainerItemProxy */;
		};
		4E16BB272A2F0C53001567F3 /* PBXTargetDependency */ = {
			isa = PBXTargetDependency;
			target = 4E16BB082A2F0C51001567F3 /* WatchApp Watch App */;
			targetProxy = 4E16BB262A2F0C53001567F3 /* PBXContainerItemProxy */;
		};
/* End PBXTargetDependency section */

/* Begin XCBuildConfiguration section */
		4E16BB2D2A2F0C53001567F3 /* Debug */ = {
			isa = XCBuildConfiguration;
			buildSettings = {
				ALWAYS_SEARCH_USER_PATHS = NO;
				ASSETCATALOG_COMPILER_GENERATE_SWIFT_ASSET_SYMBOL_EXTENSIONS = YES;
				CLANG_ANALYZER_NONNULL = YES;
				CLANG_ANALYZER_NUMBER_OBJECT_CONVERSION = YES_AGGRESSIVE;
				CLANG_CXX_LANGUAGE_STANDARD = "gnu++20";
				CLANG_ENABLE_MODULES = YES;
				CLANG_ENABLE_OBJC_ARC = YES;
				CLANG_ENABLE_OBJC_WEAK = YES;
				CLANG_WARN_BLOCK_CAPTURE_AUTORELEASING = YES;
				CLANG_WARN_BOOL_CONVERSION = YES;
				CLANG_WARN_COMMA = YES;
				CLANG_WARN_CONSTANT_CONVERSION = YES;
				CLANG_WARN_DEPRECATED_OBJC_IMPLEMENTATIONS = YES;
				CLANG_WARN_DIRECT_OBJC_ISA_USAGE = YES_ERROR;
				CLANG_WARN_DOCUMENTATION_COMMENTS = YES;
				CLANG_WARN_EMPTY_BODY = YES;
				CLANG_WARN_ENUM_CONVERSION = YES;
				CLANG_WARN_INFINITE_RECURSION = YES;
				CLANG_WARN_INT_CONVERSION = YES;
				CLANG_WARN_NON_LITERAL_NULL_CONVERSION = YES;
				CLANG_WARN_OBJC_IMPLICIT_RETAIN_SELF = YES;
				CLANG_WARN_OBJC_LITERAL_CONVERSION = YES;
				CLANG_WARN_OBJC_ROOT_CLASS = YES_ERROR;
				CLANG_WARN_QUOTED_INCLUDE_IN_FRAMEWORK_HEADER = YES;
				CLANG_WARN_RANGE_LOOP_ANALYSIS = YES;
				CLANG_WARN_STRICT_PROTOTYPES = YES;
				CLANG_WARN_SUSPICIOUS_MOVE = YES;
				CLANG_WARN_UNGUARDED_AVAILABILITY = YES_AGGRESSIVE;
				CLANG_WARN_UNREACHABLE_CODE = YES;
				CLANG_WARN__DUPLICATE_METHOD_MATCH = YES;
				COPY_PHASE_STRIP = NO;
				DEBUG_INFORMATION_FORMAT = dwarf;
				ENABLE_STRICT_OBJC_MSGSEND = YES;
				ENABLE_TESTABILITY = YES;
				ENABLE_USER_SCRIPT_SANDBOXING = YES;
				GCC_C_LANGUAGE_STANDARD = gnu17;
				GCC_DYNAMIC_NO_PIC = NO;
				GCC_NO_COMMON_BLOCKS = YES;
				GCC_OPTIMIZATION_LEVEL = 0;
				GCC_PREPROCESSOR_DEFINITIONS = (
					"DEBUG=1",
					"$(inherited)",
				);
				GCC_WARN_64_TO_32_BIT_CONVERSION = YES;
				GCC_WARN_ABOUT_RETURN_TYPE = YES_ERROR;
				GCC_WARN_UNDECLARED_SELECTOR = YES;
				GCC_WARN_UNINITIALIZED_AUTOS = YES_AGGRESSIVE;
				GCC_WARN_UNUSED_FUNCTION = YES;
				GCC_WARN_UNUSED_VARIABLE = YES;
				LOCALIZATION_PREFERS_STRING_CATALOGS = YES;
				MTL_ENABLE_DEBUG_INFO = INCLUDE_SOURCE;
				MTL_FAST_MATH = YES;
				ONLY_ACTIVE_ARCH = YES;
				SWIFT_ACTIVE_COMPILATION_CONDITIONS = "DEBUG $(inherited)";
				SWIFT_OPTIMIZATION_LEVEL = "-Onone";
			};
			name = Debug;
		};
		4E16BB2E2A2F0C53001567F3 /* Release */ = {
			isa = XCBuildConfiguration;
			buildSettings = {
				ALWAYS_SEARCH_USER_PATHS = NO;
				ASSETCATALOG_COMPILER_GENERATE_SWIFT_ASSET_SYMBOL_EXTENSIONS = YES;
				CLANG_ANALYZER_NONNULL = YES;
				CLANG_ANALYZER_NUMBER_OBJECT_CONVERSION = YES_AGGRESSIVE;
				CLANG_CXX_LANGUAGE_STANDARD = "gnu++20";
				CLANG_ENABLE_MODULES = YES;
				CLANG_ENABLE_OBJC_ARC = YES;
				CLANG_ENABLE_OBJC_WEAK = YES;
				CLANG_WARN_BLOCK_CAPTURE_AUTORELEASING = YES;
				CLANG_WARN_BOOL_CONVERSION = YES;
				CLANG_WARN_COMMA = YES;
				CLANG_WARN_CONSTANT_CONVERSION = YES;
				CLANG_WARN_DEPRECATED_OBJC_IMPLEMENTATIONS = YES;
				CLANG_WARN_DIRECT_OBJC_ISA_USAGE = YES_ERROR;
				CLANG_WARN_DOCUMENTATION_COMMENTS = YES;
				CLANG_WARN_EMPTY_BODY = YES;
				CLANG_WARN_ENUM_CONVERSION = YES;
				CLANG_WARN_INFINITE_RECURSION = YES;
				CLANG_WARN_INT_CONVERSION = YES;
				CLANG_WARN_NON_LITERAL_NULL_CONVERSION = YES;
				CLANG_WARN_OBJC_IMPLICIT_RETAIN_SELF = YES;
				CLANG_WARN_OBJC_LITERAL_CONVERSION = YES;
				CLANG_WARN_OBJC_ROOT_CLASS = YES_ERROR;
				CLANG_WARN_QUOTED_INCLUDE_IN_FRAMEWORK_HEADER = YES;
				CLANG_WARN_RANGE_LOOP_ANALYSIS = YES;
				CLANG_WARN_STRICT_PROTOTYPES = YES;
				CLANG_WARN_SUSPICIOUS_MOVE = YES;
				CLANG_WARN_UNGUARDED_AVAILABILITY = YES_AGGRESSIVE;
				CLANG_WARN_UNREACHABLE_CODE = YES;
				CLANG_WARN__DUPLICATE_METHOD_MATCH = YES;
				COPY_PHASE_STRIP = NO;
				DEBUG_INFORMATION_FORMAT = "dwarf-with-dsym";
				ENABLE_NS_ASSERTIONS = NO;
				ENABLE_STRICT_OBJC_MSGSEND = YES;
				ENABLE_USER_SCRIPT_SANDBOXING = YES;
				GCC_C_LANGUAGE_STANDARD = gnu17;
				GCC_NO_COMMON_BLOCKS = YES;
				GCC_WARN_64_TO_32_BIT_CONVERSION = YES;
				GCC_WARN_ABOUT_RETURN_TYPE = YES_ERROR;
				GCC_WARN_UNDECLARED_SELECTOR = YES;
				GCC_WARN_UNINITIALIZED_AUTOS = YES_AGGRESSIVE;
				GCC_WARN_UNUSED_FUNCTION = YES;
				GCC_WARN_UNUSED_VARIABLE = YES;
				LOCALIZATION_PREFERS_STRING_CATALOGS = YES;
				MTL_ENABLE_DEBUG_INFO = NO;
				MTL_FAST_MATH = YES;
				SWIFT_COMPILATION_MODE = wholemodule;
			};
			name = Release;
		};
		4E16BB302A2F0C53001567F3 /* Debug */ = {
			isa = XCBuildConfiguration;
			buildSettings = {
				ASSETCATALOG_COMPILER_APPICON_NAME = AppIcon;
				ASSETCATALOG_COMPILER_GLOBAL_ACCENT_COLOR_NAME = AccentColor;
				CODE_SIGN_STYLE = Automatic;
				CURRENT_PROJECT_VERSION = 1;
				DEVELOPMENT_ASSET_PATHS = "\"WatchApp Watch App/Preview Content\"";
				DEVELOPMENT_TEAM = C976B4WGKJ;
				ENABLE_PREVIEWS = YES;
				GENERATE_INFOPLIST_FILE = YES;
				INFOPLIST_KEY_CFBundleDisplayName = WatchApp;
				INFOPLIST_KEY_UISupportedInterfaceOrientations = "UIInterfaceOrientationPortrait UIInterfaceOrientationPortraitUpsideDown";
				INFOPLIST_KEY_WKWatchOnly = YES;
				LD_RUNPATH_SEARCH_PATHS = (
					"$(inherited)",
					"@executable_path/Frameworks",
				);
				MARKETING_VERSION = 1.0;
				PRODUCT_BUNDLE_IDENTIFIER = tech.timsmith.apps.WatchApp.watchkitapp;
				PRODUCT_NAME = "$(TARGET_NAME)";
				SDKROOT = watchos;
				SKIP_INSTALL = YES;
				SWIFT_EMIT_LOC_STRINGS = YES;
				SWIFT_VERSION = 5.0;
				TARGETED_DEVICE_FAMILY = 4;
				WATCHOS_DEPLOYMENT_TARGET = 10.0;
			};
			name = Debug;
		};
		4E16BB312A2F0C53001567F3 /* Release */ = {
			isa = XCBuildConfiguration;
			buildSettings = {
				ASSETCATALOG_COMPILER_APPICON_NAME = AppIcon;
				ASSETCATALOG_COMPILER_GLOBAL_ACCENT_COLOR_NAME = AccentColor;
				CODE_SIGN_STYLE = Automatic;
				CURRENT_PROJECT_VERSION = 1;
				DEVELOPMENT_ASSET_PATHS = "\"WatchApp Watch App/Preview Content\"";
				DEVELOPMENT_TEAM = C976B4WGKJ;
				ENABLE_PREVIEWS = YES;
				GENERATE_INFOPLIST_FILE = YES;
				INFOPLIST_KEY_CFBundleDisplayName = WatchApp;
				INFOPLIST_KEY_UISupportedInterfaceOrientations = "UIInterfaceOrientationPortrait UIInterfaceOrientationPortraitUpsideDown";
				INFOPLIST_KEY_WKWatchOnly = YES;
				LD_RUNPATH_SEARCH_PATHS = (
					"$(inherited)",
					"@executable_path/Frameworks",
				);
				MARKETING_VERSION = 1.0;
				PRODUCT_BUNDLE_IDENTIFIER = tech.timsmith.apps.WatchApp.watchkitapp;
				PRODUCT_NAME = "$(TARGET_NAME)";
				SDKROOT = watchos;
				SKIP_INSTALL = YES;
				SWIFT_EMIT_LOC_STRINGS = YES;
				SWIFT_VERSION = 5.0;
				TARGETED_DEVICE_FAMILY = 4;
				VALIDATE_PRODUCT = YES;
				WATCHOS_DEPLOYMENT_TARGET = 10.0;
			};
			name = Release;
		};
		4E16BB342A2F0C53001567F3 /* Debug */ = {
			isa = XCBuildConfiguration;
			buildSettings = {
				ALWAYS_EMBED_SWIFT_STANDARD_LIBRARIES = YES;
				CODE_SIGN_STYLE = Automatic;
				CURRENT_PROJECT_VERSION = 1;
				DEVELOPMENT_TEAM = C976B4WGKJ;
				INFOPLIST_KEY_CFBundleDisplayName = WatchApp;
				MARKETING_VERSION = 1.0;
				PRODUCT_BUNDLE_IDENTIFIER = tech.timsmith.apps.WatchApp;
				PRODUCT_NAME = "$(TARGET_NAME)";
				SDKROOT = iphoneos;
				SWIFT_VERSION = 5.0;
			};
			name = Debug;
		};
		4E16BB352A2F0C53001567F3 /* Release */ = {
			isa = XCBuildConfiguration;
			buildSettings = {
				ALWAYS_EMBED_SWIFT_STANDARD_LIBRARIES = YES;
				CODE_SIGN_STYLE = Automatic;
				CURRENT_PROJECT_VERSION = 1;
				DEVELOPMENT_TEAM = C976B4WGKJ;
				INFOPLIST_KEY_CFBundleDisplayName = WatchApp;
				MARKETING_VERSION = 1.0;
				PRODUCT_BUNDLE_IDENTIFIER = tech.timsmith.apps.WatchApp;
				PRODUCT_NAME = "$(TARGET_NAME)";
				SDKROOT = iphoneos;
				SWIFT_VERSION = 5.0;
				VALIDATE_PRODUCT = YES;
			};
			name = Release;
		};
		4E16BB372A2F0C53001567F3 /* Debug */ = {
			isa = XCBuildConfiguration;
			buildSettings = {
				ALWAYS_EMBED_SWIFT_STANDARD_LIBRARIES = YES;
				BUNDLE_LOADER = "$(TEST_HOST)";
				CODE_SIGN_STYLE = Automatic;
				CURRENT_PROJECT_VERSION = 1;
				DEVELOPMENT_TEAM = C976B4WGKJ;
				GENERATE_INFOPLIST_FILE = YES;
				MARKETING_VERSION = 1.0;
				PRODUCT_BUNDLE_IDENTIFIER = "tech.timsmith.apps.WatchApp-Watch-AppTests";
				PRODUCT_NAME = "$(TARGET_NAME)";
				SDKROOT = watchos;
				SWIFT_EMIT_LOC_STRINGS = NO;
				SWIFT_VERSION = 5.0;
				TARGETED_DEVICE_FAMILY = 4;
				TEST_HOST = "$(BUILT_PRODUCTS_DIR)/WatchApp Watch App.app/$(BUNDLE_EXECUTABLE_FOLDER_PATH)/WatchApp Watch App";
				WATCHOS_DEPLOYMENT_TARGET = 10.0;
			};
			name = Debug;
		};
		4E16BB382A2F0C53001567F3 /* Release */ = {
			isa = XCBuildConfiguration;
			buildSettings = {
				ALWAYS_EMBED_SWIFT_STANDARD_LIBRARIES = YES;
				BUNDLE_LOADER = "$(TEST_HOST)";
				CODE_SIGN_STYLE = Automatic;
				CURRENT_PROJECT_VERSION = 1;
				DEVELOPMENT_TEAM = C976B4WGKJ;
				GENERATE_INFOPLIST_FILE = YES;
				MARKETING_VERSION = 1.0;
				PRODUCT_BUNDLE_IDENTIFIER = "tech.timsmith.apps.WatchApp-Watch-AppTests";
				PRODUCT_NAME = "$(TARGET_NAME)";
				SDKROOT = watchos;
				SWIFT_EMIT_LOC_STRINGS = NO;
				SWIFT_VERSION = 5.0;
				TARGETED_DEVICE_FAMILY = 4;
				TEST_HOST = "$(BUILT_PRODUCTS_DIR)/WatchApp Watch App.app/$(BUNDLE_EXECUTABLE_FOLDER_PATH)/WatchApp Watch App";
				VALIDATE_PRODUCT = YES;
				WATCHOS_DEPLOYMENT_TARGET = 10.0;
			};
			name = Release;
		};
		4E16BB3A2A2F0C53001567F3 /* Debug */ = {
			isa = XCBuildConfiguration;
			buildSettings = {
				ALWAYS_EMBED_SWIFT_STANDARD_LIBRARIES = YES;
				CODE_SIGN_STYLE = Automatic;
				CURRENT_PROJECT_VERSION = 1;
				DEVELOPMENT_TEAM = C976B4WGKJ;
				GENERATE_INFOPLIST_FILE = YES;
				MARKETING_VERSION = 1.0;
				PRODUCT_BUNDLE_IDENTIFIER = "tech.timsmith.apps.WatchApp-Watch-AppUITests";
				PRODUCT_NAME = "$(TARGET_NAME)";
				SDKROOT = watchos;
				SWIFT_EMIT_LOC_STRINGS = NO;
				SWIFT_VERSION = 5.0;
				TARGETED_DEVICE_FAMILY = 4;
				TEST_TARGET_NAME = "WatchApp Watch App";
				WATCHOS_DEPLOYMENT_TARGET = 10.0;
			};
			name = Debug;
		};
		4E16BB3B2A2F0C53001567F3 /* Release */ = {
			isa = XCBuildConfiguration;
			buildSettings = {
				ALWAYS_EMBED_SWIFT_STANDARD_LIBRARIES = YES;
				CODE_SIGN_STYLE = Automatic;
				CURRENT_PROJECT_VERSION = 1;
				DEVELOPMENT_TEAM = C976B4WGKJ;
				GENERATE_INFOPLIST_FILE = YES;
				MARKETING_VERSION = 1.0;
				PRODUCT_BUNDLE_IDENTIFIER = "tech.timsmith.apps.WatchApp-Watch-AppUITests";
				PRODUCT_NAME = "$(TARGET_NAME)";
				SDKROOT = watchos;
				SWIFT_EMIT_LOC_STRINGS = NO;
				SWIFT_VERSION = 5.0;
				TARGETED_DEVICE_FAMILY = 4;
				TEST_TARGET_NAME = "WatchApp Watch App";
				VALIDATE_PRODUCT = YES;
				WATCHOS_DEPLOYMENT_TARGET = 10.0;
			};
			name = Release;
		};
/* End XCBuildConfiguration section */

/* Begin XCConfigurationList section */
		4E16BB002A2F0C51001567F3 /* Build configuration list for PBXProject "WatchApp" */ = {
			isa = XCConfigurationList;
			buildConfigurations = (
				4E16BB2D2A2F0C53001567F3 /* Debug */,
				4E16BB2E2A2F0C53001567F3 /* Release */,
			);
			defaultConfigurationIsVisible = 0;
			defaultConfigurationName = Release;
		};
		4E16BB2F2A2F0C53001567F3 /* Build configuration list for PBXNativeTarget "WatchApp Watch App" */ = {
			isa = XCConfigurationList;
			buildConfigurations = (
				4E16BB302A2F0C53001567F3 /* Debug */,
				4E16BB312A2F0C53001567F3 /* Release */,
			);
			defaultConfigurationIsVisible = 0;
			defaultConfigurationName = Release;
		};
		4E16BB332A2F0C53001567F3 /* Build configuration list for PBXNativeTarget "WatchApp" */ = {
			isa = XCConfigurationList;
			buildConfigurations = (
				4E16BB342A2F0C53001567F3 /* Debug */,
				4E16BB352A2F0C53001567F3 /* Release */,
			);
			defaultConfigurationIsVisible = 0;
			defaultConfigurationName = Release;
		};
		4E16BB362A2F0C53001567F3 /* Build configuration list for PBXNativeTarget "WatchApp Watch AppTests" */ = {
			isa = XCConfigurationList;
			buildConfigurations = (
				4E16BB372A2F0C53001567F3 /* Debug */,
				4E16BB382A2F0C53001567F3 /* Release */,
			);
			defaultConfigurationIsVisible = 0;
			defaultConfigurationName = Release;
		};
		4E16BB392A2F0C53001567F3 /* Build configuration list for PBXNativeTarget "WatchApp Watch AppUITests" */ = {
			isa = XCConfigurationList;
			buildConfigurations = (
				4E16BB3A2A2F0C53001567F3 /* Debug */,
				4E16BB3B2A2F0C53001567F3 /* Release */,
			);
			defaultConfigurationIsVisible = 0;
			defaultConfigurationName = Release;
		};
/* End XCConfigurationList section */
	};
	rootObject = 4E16BAFD2A2F0C51001567F3 /* Project object */;
}
